// !$*UTF8*$!
{
	archiveVersion = 1;
	classes = {
	};
	objectVersion = 46;
	objects = {

/* Begin PBXBuildFile section */
		F1252CBA17019D1900450974 /* box_big.png in Resources */ = {isa = PBXBuildFile; fileRef = F1252C9917019D1900450974 /* box_big.png */; };
		F1252CBB17019D1900450974 /* box_big@2x.png in Resources */ = {isa = PBXBuildFile; fileRef = F1252C9A17019D1900450974 /* box_big@2x.png */; };
		F1252CBC17019D1900450974 /* box_red.png in Resources */ = {isa = PBXBuildFile; fileRef = F1252C9B17019D1900450974 /* box_red.png */; };
		F1252CBD17019D1900450974 /* box_red@2x.png in Resources */ = {isa = PBXBuildFile; fileRef = F1252C9C17019D1900450974 /* box_red@2x.png */; };
		F1252CBE17019D1900450974 /* box_small.png in Resources */ = {isa = PBXBuildFile; fileRef = F1252C9D17019D1900450974 /* box_small.png */; };
		F1252CBF17019D1900450974 /* box_small@2x.png in Resources */ = {isa = PBXBuildFile; fileRef = F1252C9E17019D1900450974 /* box_small@2x.png */; };
		F1252CC017019D1900450974 /* button_left.png in Resources */ = {isa = PBXBuildFile; fileRef = F1252C9F17019D1900450974 /* button_left.png */; };
		F1252CC117019D1900450974 /* button_left@2x.png in Resources */ = {isa = PBXBuildFile; fileRef = F1252CA017019D1900450974 /* button_left@2x.png */; };
		F1252CC217019D1900450974 /* button_right.png in Resources */ = {isa = PBXBuildFile; fileRef = F1252CA117019D1900450974 /* button_right.png */; };
		F1252CC317019D1900450974 /* button_right@2x.png in Resources */ = {isa = PBXBuildFile; fileRef = F1252CA217019D1900450974 /* button_right@2x.png */; };
		F1252CC417019D1900450974 /* content_left.png in Resources */ = {isa = PBXBuildFile; fileRef = F1252CA317019D1900450974 /* content_left.png */; };
		F1252CC517019D1900450974 /* content_left@2x.png in Resources */ = {isa = PBXBuildFile; fileRef = F1252CA417019D1900450974 /* content_left@2x.png */; };
		F1252CC617019D1900450974 /* content_right.png in Resources */ = {isa = PBXBuildFile; fileRef = F1252CA517019D1900450974 /* content_right.png */; };
		F1252CC717019D1900450974 /* content_right@2x.png in Resources */ = {isa = PBXBuildFile; fileRef = F1252CA617019D1900450974 /* content_right@2x.png */; };
		F1252CC817019D1900450974 /* icon_book.png in Resources */ = {isa = PBXBuildFile; fileRef = F1252CA717019D1900450974 /* icon_book.png */; };
		F1252CC917019D1900450974 /* icon_book@2x.png in Resources */ = {isa = PBXBuildFile; fileRef = F1252CA817019D1900450974 /* icon_book@2x.png */; };
		F1252CCA17019D1900450974 /* icon_drink.png in Resources */ = {isa = PBXBuildFile; fileRef = F1252CA917019D1900450974 /* icon_drink.png */; };
		F1252CCB17019D1900450974 /* icon_drink@2x.png in Resources */ = {isa = PBXBuildFile; fileRef = F1252CAA17019D1900450974 /* icon_drink@2x.png */; };
		F1252CCC17019D1900450974 /* icon_restaurant.png in Resources */ = {isa = PBXBuildFile; fileRef = F1252CAB17019D1900450974 /* icon_restaurant.png */; };
		F1252CCD17019D1900450974 /* icon_restaurant@2x.png in Resources */ = {isa = PBXBuildFile; fileRef = F1252CAC17019D1900450974 /* icon_restaurant@2x.png */; };
		F1252CCE17019D1900450974 /* icon_sale.png in Resources */ = {isa = PBXBuildFile; fileRef = F1252CAD17019D1900450974 /* icon_sale.png */; };
		F1252CCF17019D1900450974 /* icon_sale@2x.png in Resources */ = {isa = PBXBuildFile; fileRef = F1252CAE17019D1900450974 /* icon_sale@2x.png */; };
		F1252CD017019D1900450974 /* number.png in Resources */ = {isa = PBXBuildFile; fileRef = F1252CAF17019D1900450974 /* number.png */; };
		F1252CD117019D1900450974 /* number@2x.png in Resources */ = {isa = PBXBuildFile; fileRef = F1252CB017019D1900450974 /* number@2x.png */; };
		F1252CD217019D1900450974 /* pic.png in Resources */ = {isa = PBXBuildFile; fileRef = F1252CB117019D1900450974 /* pic.png */; };
		F1252CD317019D1900450974 /* pic@2x.png in Resources */ = {isa = PBXBuildFile; fileRef = F1252CB217019D1900450974 /* pic@2x.png */; };
		F1252CD417019D1900450974 /* title_activity.png in Resources */ = {isa = PBXBuildFile; fileRef = F1252CB317019D1900450974 /* title_activity.png */; };
		F1252CD517019D1900450974 /* title_activity@2x.png in Resources */ = {isa = PBXBuildFile; fileRef = F1252CB417019D1900450974 /* title_activity@2x.png */; };
		F1252CD617019D1900450974 /* txt_activity.png in Resources */ = {isa = PBXBuildFile; fileRef = F1252CB517019D1900450974 /* txt_activity.png */; };
		F1252CD717019D1900450974 /* txt_activity@2x.png in Resources */ = {isa = PBXBuildFile; fileRef = F1252CB617019D1900450974 /* txt_activity@2x.png */; };
		F1252CD817019D1900450974 /* txt_sale.png in Resources */ = {isa = PBXBuildFile; fileRef = F1252CB717019D1900450974 /* txt_sale.png */; };
		F1252CD917019D1900450974 /* txt_sale@2x.png in Resources */ = {isa = PBXBuildFile; fileRef = F1252CB817019D1900450974 /* txt_sale@2x.png */; };
		F1252CDA17019D1900450974 /* 尺寸.txt in Resources */ = {isa = PBXBuildFile; fileRef = F1252CB917019D1900450974 /* 尺寸.txt */; };
		F1252CDD1701AACA00450974 /* logo.png in Resources */ = {isa = PBXBuildFile; fileRef = F1252CDB1701AACA00450974 /* logo.png */; };
		F1252CDE1701AACA00450974 /* logo@2x.png in Resources */ = {isa = PBXBuildFile; fileRef = F1252CDC1701AACA00450974 /* logo@2x.png */; };
		F198FE7316F326D300B06352 /* UIKit.framework in Frameworks */ = {isa = PBXBuildFile; fileRef = F198FE7216F326D300B06352 /* UIKit.framework */; };
		F198FE7516F326D300B06352 /* Foundation.framework in Frameworks */ = {isa = PBXBuildFile; fileRef = F198FE7416F326D300B06352 /* Foundation.framework */; };
		F198FE7716F326D300B06352 /* CoreGraphics.framework in Frameworks */ = {isa = PBXBuildFile; fileRef = F198FE7616F326D300B06352 /* CoreGraphics.framework */; };
		F198FE7D16F326D300B06352 /* InfoPlist.strings in Resources */ = {isa = PBXBuildFile; fileRef = F198FE7B16F326D300B06352 /* InfoPlist.strings */; };
		F198FE7F16F326D300B06352 /* main.m in Sources */ = {isa = PBXBuildFile; fileRef = F198FE7E16F326D300B06352 /* main.m */; };
		F198FE8316F326D300B06352 /* AppDelegate.m in Sources */ = {isa = PBXBuildFile; fileRef = F198FE8216F326D300B06352 /* AppDelegate.m */; };
		F198FE8516F326D300B06352 /* Default.png in Resources */ = {isa = PBXBuildFile; fileRef = F198FE8416F326D300B06352 /* Default.png */; };
		F198FE8716F326D300B06352 /* Default@2x.png in Resources */ = {isa = PBXBuildFile; fileRef = F198FE8616F326D300B06352 /* Default@2x.png */; };
		F198FE8916F326D300B06352 /* Default-568h@2x.png in Resources */ = {isa = PBXBuildFile; fileRef = F198FE8816F326D300B06352 /* Default-568h@2x.png */; };
		F198FE8C16F326D300B06352 /* ViewController.m in Sources */ = {isa = PBXBuildFile; fileRef = F198FE8B16F326D300B06352 /* ViewController.m */; };
		F198FE8F16F326D300B06352 /* ViewController_iPhone.xib in Resources */ = {isa = PBXBuildFile; fileRef = F198FE8D16F326D300B06352 /* ViewController_iPhone.xib */; };
		F198FE9216F326D300B06352 /* ViewController_iPad.xib in Resources */ = {isa = PBXBuildFile; fileRef = F198FE9016F326D300B06352 /* ViewController_iPad.xib */; };
		F1F03EB61702D68800B6889B /* title_sale@2x.png in Resources */ = {isa = PBXBuildFile; fileRef = F1F03EB41702D68800B6889B /* title_sale@2x.png */; };
		F1F03EB71702D68800B6889B /* title_sale.png in Resources */ = {isa = PBXBuildFile; fileRef = F1F03EB51702D68800B6889B /* title_sale.png */; };
/* End PBXBuildFile section */

/* Begin PBXFileReference section */
		F1252C9917019D1900450974 /* box_big.png */ = {isa = PBXFileReference; lastKnownFileType = image.png; path = box_big.png; sourceTree = "<group>"; };
		F1252C9A17019D1900450974 /* box_big@2x.png */ = {isa = PBXFileReference; lastKnownFileType = image.png; path = "box_big@2x.png"; sourceTree = "<group>"; };
		F1252C9B17019D1900450974 /* box_red.png */ = {isa = PBXFileReference; lastKnownFileType = image.png; path = box_red.png; sourceTree = "<group>"; };
		F1252C9C17019D1900450974 /* box_red@2x.png */ = {isa = PBXFileReference; lastKnownFileType = image.png; path = "box_red@2x.png"; sourceTree = "<group>"; };
		F1252C9D17019D1900450974 /* box_small.png */ = {isa = PBXFileReference; lastKnownFileType = image.png; path = box_small.png; sourceTree = "<group>"; };
		F1252C9E17019D1900450974 /* box_small@2x.png */ = {isa = PBXFileReference; lastKnownFileType = image.png; path = "box_small@2x.png"; sourceTree = "<group>"; };
		F1252C9F17019D1900450974 /* button_left.png */ = {isa = PBXFileReference; lastKnownFileType = image.png; path = button_left.png; sourceTree = "<group>"; };
		F1252CA017019D1900450974 /* button_left@2x.png */ = {isa = PBXFileReference; lastKnownFileType = image.png; path = "button_left@2x.png"; sourceTree = "<group>"; };
		F1252CA117019D1900450974 /* button_right.png */ = {isa = PBXFileReference; lastKnownFileType = image.png; path = button_right.png; sourceTree = "<group>"; };
		F1252CA217019D1900450974 /* button_right@2x.png */ = {isa = PBXFileReference; lastKnownFileType = image.png; path = "button_right@2x.png"; sourceTree = "<group>"; };
		F1252CA317019D1900450974 /* content_left.png */ = {isa = PBXFileReference; lastKnownFileType = image.png; path = content_left.png; sourceTree = "<group>"; };
		F1252CA417019D1900450974 /* content_left@2x.png */ = {isa = PBXFileReference; lastKnownFileType = image.png; path = "content_left@2x.png"; sourceTree = "<group>"; };
		F1252CA517019D1900450974 /* content_right.png */ = {isa = PBXFileReference; lastKnownFileType = image.png; path = content_right.png; sourceTree = "<group>"; };
		F1252CA617019D1900450974 /* content_right@2x.png */ = {isa = PBXFileReference; lastKnownFileType = image.png; path = "content_right@2x.png"; sourceTree = "<group>"; };
		F1252CA717019D1900450974 /* icon_book.png */ = {isa = PBXFileReference; lastKnownFileType = image.png; path = icon_book.png; sourceTree = "<group>"; };
		F1252CA817019D1900450974 /* icon_book@2x.png */ = {isa = PBXFileReference; lastKnownFileType = image.png; path = "icon_book@2x.png"; sourceTree = "<group>"; };
		F1252CA917019D1900450974 /* icon_drink.png */ = {isa = PBXFileReference; lastKnownFileType = image.png; path = icon_drink.png; sourceTree = "<group>"; };
		F1252CAA17019D1900450974 /* icon_drink@2x.png */ = {isa = PBXFileReference; lastKnownFileType = image.png; path = "icon_drink@2x.png"; sourceTree = "<group>"; };
		F1252CAB17019D1900450974 /* icon_restaurant.png */ = {isa = PBXFileReference; lastKnownFileType = image.png; path = icon_restaurant.png; sourceTree = "<group>"; };
		F1252CAC17019D1900450974 /* icon_restaurant@2x.png */ = {isa = PBXFileReference; lastKnownFileType = image.png; path = "icon_restaurant@2x.png"; sourceTree = "<group>"; };
		F1252CAD17019D1900450974 /* icon_sale.png */ = {isa = PBXFileReference; lastKnownFileType = image.png; path = icon_sale.png; sourceTree = "<group>"; };
		F1252CAE17019D1900450974 /* icon_sale@2x.png */ = {isa = PBXFileReference; lastKnownFileType = image.png; path = "icon_sale@2x.png"; sourceTree = "<group>"; };
		F1252CAF17019D1900450974 /* number.png */ = {isa = PBXFileReference; lastKnownFileType = image.png; path = number.png; sourceTree = "<group>"; };
		F1252CB017019D1900450974 /* number@2x.png */ = {isa = PBXFileReference; lastKnownFileType = image.png; path = "number@2x.png"; sourceTree = "<group>"; };
		F1252CB117019D1900450974 /* pic.png */ = {isa = PBXFileReference; lastKnownFileType = image.png; path = pic.png; sourceTree = "<group>"; };
		F1252CB217019D1900450974 /* pic@2x.png */ = {isa = PBXFileReference; lastKnownFileType = image.png; path = "pic@2x.png"; sourceTree = "<group>"; };
		F1252CB317019D1900450974 /* title_activity.png */ = {isa = PBXFileReference; lastKnownFileType = image.png; path = title_activity.png; sourceTree = "<group>"; };
		F1252CB417019D1900450974 /* title_activity@2x.png */ = {isa = PBXFileReference; lastKnownFileType = image.png; path = "title_activity@2x.png"; sourceTree = "<group>"; };
		F1252CB517019D1900450974 /* txt_activity.png */ = {isa = PBXFileReference; lastKnownFileType = image.png; path = txt_activity.png; sourceTree = "<group>"; };
		F1252CB617019D1900450974 /* txt_activity@2x.png */ = {isa = PBXFileReference; lastKnownFileType = image.png; path = "txt_activity@2x.png"; sourceTree = "<group>"; };
		F1252CB717019D1900450974 /* txt_sale.png */ = {isa = PBXFileReference; lastKnownFileType = image.png; path = txt_sale.png; sourceTree = "<group>"; };
		F1252CB817019D1900450974 /* txt_sale@2x.png */ = {isa = PBXFileReference; lastKnownFileType = image.png; path = "txt_sale@2x.png"; sourceTree = "<group>"; };
		F1252CB917019D1900450974 /* 尺寸.txt */ = {isa = PBXFileReference; fileEncoding = 4; lastKnownFileType = text; path = "尺寸.txt"; sourceTree = "<group>"; };
		F1252CDB1701AACA00450974 /* logo.png */ = {isa = PBXFileReference; lastKnownFileType = image.png; path = logo.png; sourceTree = "<group>"; };
		F1252CDC1701AACA00450974 /* logo@2x.png */ = {isa = PBXFileReference; lastKnownFileType = image.png; path = "logo@2x.png"; sourceTree = "<group>"; };
		F198FE6F16F326D300B06352 /* playground.app */ = {isa = PBXFileReference; explicitFileType = wrapper.application; includeInIndex = 0; path = playground.app; sourceTree = BUILT_PRODUCTS_DIR; };
		F198FE7216F326D300B06352 /* UIKit.framework */ = {isa = PBXFileReference; lastKnownFileType = wrapper.framework; name = UIKit.framework; path = System/Library/Frameworks/UIKit.framework; sourceTree = SDKROOT; };
		F198FE7416F326D300B06352 /* Foundation.framework */ = {isa = PBXFileReference; lastKnownFileType = wrapper.framework; name = Foundation.framework; path = System/Library/Frameworks/Foundation.framework; sourceTree = SDKROOT; };
		F198FE7616F326D300B06352 /* CoreGraphics.framework */ = {isa = PBXFileReference; lastKnownFileType = wrapper.framework; name = CoreGraphics.framework; path = System/Library/Frameworks/CoreGraphics.framework; sourceTree = SDKROOT; };
		F198FE7A16F326D300B06352 /* playground-Info.plist */ = {isa = PBXFileReference; lastKnownFileType = text.plist.xml; path = "playground-Info.plist"; sourceTree = "<group>"; };
		F198FE7C16F326D300B06352 /* en */ = {isa = PBXFileReference; lastKnownFileType = text.plist.strings; name = en; path = en.lproj/InfoPlist.strings; sourceTree = "<group>"; };
		F198FE7E16F326D300B06352 /* main.m */ = {isa = PBXFileReference; lastKnownFileType = sourcecode.c.objc; path = main.m; sourceTree = "<group>"; };
		F198FE8016F326D300B06352 /* playground-Prefix.pch */ = {isa = PBXFileReference; lastKnownFileType = sourcecode.c.h; path = "playground-Prefix.pch"; sourceTree = "<group>"; };
		F198FE8116F326D300B06352 /* AppDelegate.h */ = {isa = PBXFileReference; lastKnownFileType = sourcecode.c.h; path = AppDelegate.h; sourceTree = "<group>"; };
		F198FE8216F326D300B06352 /* AppDelegate.m */ = {isa = PBXFileReference; lastKnownFileType = sourcecode.c.objc; path = AppDelegate.m; sourceTree = "<group>"; };
		F198FE8416F326D300B06352 /* Default.png */ = {isa = PBXFileReference; lastKnownFileType = image.png; path = Default.png; sourceTree = "<group>"; };
		F198FE8616F326D300B06352 /* Default@2x.png */ = {isa = PBXFileReference; lastKnownFileType = image.png; path = "Default@2x.png"; sourceTree = "<group>"; };
		F198FE8816F326D300B06352 /* Default-568h@2x.png */ = {isa = PBXFileReference; lastKnownFileType = image.png; path = "Default-568h@2x.png"; sourceTree = "<group>"; };
		F198FE8A16F326D300B06352 /* ViewController.h */ = {isa = PBXFileReference; lastKnownFileType = sourcecode.c.h; path = ViewController.h; sourceTree = "<group>"; };
		F198FE8B16F326D300B06352 /* ViewController.m */ = {isa = PBXFileReference; lastKnownFileType = sourcecode.c.objc; path = ViewController.m; sourceTree = "<group>"; };
		F198FE8E16F326D300B06352 /* en */ = {isa = PBXFileReference; lastKnownFileType = file.xib; name = en; path = en.lproj/ViewController_iPhone.xib; sourceTree = "<group>"; };
		F198FE9116F326D300B06352 /* en */ = {isa = PBXFileReference; lastKnownFileType = file.xib; name = en; path = en.lproj/ViewController_iPad.xib; sourceTree = "<group>"; };
		F1F03EB41702D68800B6889B /* title_sale@2x.png */ = {isa = PBXFileReference; lastKnownFileType = image.png; path = "title_sale@2x.png"; sourceTree = "<group>"; };
		F1F03EB51702D68800B6889B /* title_sale.png */ = {isa = PBXFileReference; lastKnownFileType = image.png; path = title_sale.png; sourceTree = "<group>"; };
/* End PBXFileReference section */

/* Begin PBXFrameworksBuildPhase section */
		F198FE6C16F326D300B06352 /* Frameworks */ = {
			isa = PBXFrameworksBuildPhase;
			buildActionMask = 2147483647;
			files = (
				F198FE7316F326D300B06352 /* UIKit.framework in Frameworks */,
				F198FE7516F326D300B06352 /* Foundation.framework in Frameworks */,
				F198FE7716F326D300B06352 /* CoreGraphics.framework in Frameworks */,
			);
			runOnlyForDeploymentPostprocessing = 0;
		};
/* End PBXFrameworksBuildPhase section */

/* Begin PBXGroup section */
		F1252C9817019D1900450974 /* qietu */ = {
			isa = PBXGroup;
			children = (
				F1252C9917019D1900450974 /* box_big.png */,
				F1F03EB41702D68800B6889B /* title_sale@2x.png */,
				F1F03EB51702D68800B6889B /* title_sale.png */,
				F1252CDB1701AACA00450974 /* logo.png */,
				F1252CDC1701AACA00450974 /* logo@2x.png */,
				F1252C9A17019D1900450974 /* box_big@2x.png */,
				F1252C9B17019D1900450974 /* box_red.png */,
				F1252C9C17019D1900450974 /* box_red@2x.png */,
				F1252C9D17019D1900450974 /* box_small.png */,
				F1252C9E17019D1900450974 /* box_small@2x.png */,
				F1252C9F17019D1900450974 /* button_left.png */,
				F1252CA017019D1900450974 /* button_left@2x.png */,
				F1252CA117019D1900450974 /* button_right.png */,
				F1252CA217019D1900450974 /* button_right@2x.png */,
				F1252CA317019D1900450974 /* content_left.png */,
				F1252CA417019D1900450974 /* content_left@2x.png */,
				F1252CA517019D1900450974 /* content_right.png */,
				F1252CA617019D1900450974 /* content_right@2x.png */,
				F1252CA717019D1900450974 /* icon_book.png */,
				F1252CA817019D1900450974 /* icon_book@2x.png */,
				F1252CA917019D1900450974 /* icon_drink.png */,
				F1252CAA17019D1900450974 /* icon_drink@2x.png */,
				F1252CAB17019D1900450974 /* icon_restaurant.png */,
				F1252CAC17019D1900450974 /* icon_restaurant@2x.png */,
				F1252CAD17019D1900450974 /* icon_sale.png */,
				F1252CAE17019D1900450974 /* icon_sale@2x.png */,
				F1252CAF17019D1900450974 /* number.png */,
				F1252CB017019D1900450974 /* number@2x.png */,
				F1252CB117019D1900450974 /* pic.png */,
				F1252CB217019D1900450974 /* pic@2x.png */,
				F1252CB317019D1900450974 /* title_activity.png */,
				F1252CB417019D1900450974 /* title_activity@2x.png */,
				F1252CB517019D1900450974 /* txt_activity.png */,
				F1252CB617019D1900450974 /* txt_activity@2x.png */,
				F1252CB717019D1900450974 /* txt_sale.png */,
				F1252CB817019D1900450974 /* txt_sale@2x.png */,
				F1252CB917019D1900450974 /* 尺寸.txt */,
			);
			path = qietu;
			sourceTree = "<group>";
		};
		F198FE6616F326D300B06352 = {
			isa = PBXGroup;
			children = (
				F198FE7816F326D300B06352 /* playground */,
				F198FE7116F326D300B06352 /* Frameworks */,
				F198FE7016F326D300B06352 /* Products */,
			);
			sourceTree = "<group>";
		};
		F198FE7016F326D300B06352 /* Products */ = {
			isa = PBXGroup;
			children = (
				F198FE6F16F326D300B06352 /* playground.app */,
			);
			name = Products;
			sourceTree = "<group>";
		};
		F198FE7116F326D300B06352 /* Frameworks */ = {
			isa = PBXGroup;
			children = (
				F198FE7216F326D300B06352 /* UIKit.framework */,
				F198FE7416F326D300B06352 /* Foundation.framework */,
				F198FE7616F326D300B06352 /* CoreGraphics.framework */,
			);
			name = Frameworks;
			sourceTree = "<group>";
		};
		F198FE7816F326D300B06352 /* playground */ = {
			isa = PBXGroup;
			children = (
				F198FE8116F326D300B06352 /* AppDelegate.h */,
				F198FE8216F326D300B06352 /* AppDelegate.m */,
				F198FE8A16F326D300B06352 /* ViewController.h */,
				F198FE8B16F326D300B06352 /* ViewController.m */,
				F198FE8D16F326D300B06352 /* ViewController_iPhone.xib */,
				F198FE9016F326D300B06352 /* ViewController_iPad.xib */,
				F198FE7916F326D300B06352 /* Supporting Files */,
			);
			path = playground;
			sourceTree = "<group>";
		};
		F198FE7916F326D300B06352 /* Supporting Files */ = {
			isa = PBXGroup;
			children = (
				F198FE7A16F326D300B06352 /* playground-Info.plist */,
				F198FE7B16F326D300B06352 /* InfoPlist.strings */,
				F198FE7E16F326D300B06352 /* main.m */,
				F1252C9817019D1900450974 /* qietu */,
				F198FE8016F326D300B06352 /* playground-Prefix.pch */,
				F198FE8416F326D300B06352 /* Default.png */,
				F198FE8616F326D300B06352 /* Default@2x.png */,
				F198FE8816F326D300B06352 /* Default-568h@2x.png */,
			);
			name = "Supporting Files";
			sourceTree = "<group>";
		};
/* End PBXGroup section */

/* Begin PBXNativeTarget section */
		F198FE6E16F326D300B06352 /* playground */ = {
			isa = PBXNativeTarget;
			buildConfigurationList = F198FE9516F326D300B06352 /* Build configuration list for PBXNativeTarget "playground" */;
			buildPhases = (
				F198FE6B16F326D300B06352 /* Sources */,
				F198FE6C16F326D300B06352 /* Frameworks */,
				F198FE6D16F326D300B06352 /* Resources */,
			);
			buildRules = (
			);
			dependencies = (
			);
			name = playground;
			productName = playground;
			productReference = F198FE6F16F326D300B06352 /* playground.app */;
			productType = "com.apple.product-type.application";
		};
/* End PBXNativeTarget section */

/* Begin PBXProject section */
		F198FE6716F326D300B06352 /* Project object */ = {
			isa = PBXProject;
			attributes = {
				LastUpgradeCheck = 0460;
				ORGANIZATIONNAME = geyuanyuan;
			};
			buildConfigurationList = F198FE6A16F326D300B06352 /* Build configuration list for PBXProject "playground" */;
			compatibilityVersion = "Xcode 3.2";
			developmentRegion = English;
			hasScannedForEncodings = 0;
			knownRegions = (
				en,
			);
			mainGroup = F198FE6616F326D300B06352;
			productRefGroup = F198FE7016F326D300B06352 /* Products */;
			projectDirPath = "";
			projectRoot = "";
			targets = (
				F198FE6E16F326D300B06352 /* playground */,
			);
		};
/* End PBXProject section */

/* Begin PBXResourcesBuildPhase section */
		F198FE6D16F326D300B06352 /* Resources */ = {
			isa = PBXResourcesBuildPhase;
			buildActionMask = 2147483647;
			files = (
				F198FE7D16F326D300B06352 /* InfoPlist.strings in Resources */,
				F198FE8516F326D300B06352 /* Default.png in Resources */,
				F198FE8716F326D300B06352 /* Default@2x.png in Resources */,
				F198FE8916F326D300B06352 /* Default-568h@2x.png in Resources */,
				F198FE8F16F326D300B06352 /* ViewController_iPhone.xib in Resources */,
				F198FE9216F326D300B06352 /* ViewController_iPad.xib in Resources */,
				F1252CBA17019D1900450974 /* box_big.png in Resources */,
				F1252CBB17019D1900450974 /* box_big@2x.png in Resources */,
				F1252CBC17019D1900450974 /* box_red.png in Resources */,
				F1252CBD17019D1900450974 /* box_red@2x.png in Resources */,
				F1252CBE17019D1900450974 /* box_small.png in Resources */,
				F1252CBF17019D1900450974 /* box_small@2x.png in Resources */,
				F1252CC017019D1900450974 /* button_left.png in Resources */,
				F1252CC117019D1900450974 /* button_left@2x.png in Resources */,
				F1252CC217019D1900450974 /* button_right.png in Resources */,
				F1252CC317019D1900450974 /* button_right@2x.png in Resources */,
				F1252CC417019D1900450974 /* content_left.png in Resources */,
				F1252CC517019D1900450974 /* content_left@2x.png in Resources */,
				F1252CC617019D1900450974 /* content_right.png in Resources */,
				F1252CC717019D1900450974 /* content_right@2x.png in Resources */,
				F1252CC817019D1900450974 /* icon_book.png in Resources */,
				F1252CC917019D1900450974 /* icon_book@2x.png in Resources */,
				F1252CCA17019D1900450974 /* icon_drink.png in Resources */,
				F1252CCB17019D1900450974 /* icon_drink@2x.png in Resources */,
				F1252CCC17019D1900450974 /* icon_restaurant.png in Resources */,
				F1252CCD17019D1900450974 /* icon_restaurant@2x.png in Resources */,
				F1252CCE17019D1900450974 /* icon_sale.png in Resources */,
				F1252CCF17019D1900450974 /* icon_sale@2x.png in Resources */,
				F1252CD017019D1900450974 /* number.png in Resources */,
				F1252CD117019D1900450974 /* number@2x.png in Resources */,
				F1252CD217019D1900450974 /* pic.png in Resources */,
				F1252CD317019D1900450974 /* pic@2x.png in Resources */,
				F1252CD417019D1900450974 /* title_activity.png in Resources */,
				F1252CD517019D1900450974 /* title_activity@2x.png in Resources */,
				F1252CD617019D1900450974 /* txt_activity.png in Resources */,
				F1252CD717019D1900450974 /* txt_activity@2x.png in Resources */,
				F1252CD817019D1900450974 /* txt_sale.png in Resources */,
				F1252CD917019D1900450974 /* txt_sale@2x.png in Resources */,
				F1252CDA17019D1900450974 /* 尺寸.txt in Resources */,
				F1252CDD1701AACA00450974 /* logo.png in Resources */,
				F1252CDE1701AACA00450974 /* logo@2x.png in Resources */,
				F1F03EB61702D68800B6889B /* title_sale@2x.png in Resources */,
				F1F03EB71702D68800B6889B /* title_sale.png in Resources */,
			);
			runOnlyForDeploymentPostprocessing = 0;
		};
/* End PBXResourcesBuildPhase section */

/* Begin PBXSourcesBuildPhase section */
		F198FE6B16F326D300B06352 /* Sources */ = {
			isa = PBXSourcesBuildPhase;
			buildActionMask = 2147483647;
			files = (
				F198FE7F16F326D300B06352 /* main.m in Sources */,
				F198FE8316F326D300B06352 /* AppDelegate.m in Sources */,
				F198FE8C16F326D300B06352 /* ViewController.m in Sources */,
			);
			runOnlyForDeploymentPostprocessing = 0;
		};
/* End PBXSourcesBuildPhase section */

/* Begin PBXVariantGroup section */
		F198FE7B16F326D300B06352 /* InfoPlist.strings */ = {
			isa = PBXVariantGroup;
			children = (
				F198FE7C16F326D300B06352 /* en */,
			);
			name = InfoPlist.strings;
			sourceTree = "<group>";
		};
		F198FE8D16F326D300B06352 /* ViewController_iPhone.xib */ = {
			isa = PBXVariantGroup;
			children = (
				F198FE8E16F326D300B06352 /* en */,
			);
			name = ViewController_iPhone.xib;
			sourceTree = "<group>";
		};
		F198FE9016F326D300B06352 /* ViewController_iPad.xib */ = {
			isa = PBXVariantGroup;
			children = (
				F198FE9116F326D300B06352 /* en */,
			);
			name = ViewController_iPad.xib;
			sourceTree = "<group>";
		};
/* End PBXVariantGroup section */

/* Begin XCBuildConfiguration section */
		F198FE9316F326D300B06352 /* Debug */ = {
			isa = XCBuildConfiguration;
			buildSettings = {
				ALWAYS_SEARCH_USER_PATHS = NO;
				CLANG_CXX_LANGUAGE_STANDARD = "gnu++0x";
				CLANG_CXX_LIBRARY = "libc++";
				CLANG_ENABLE_OBJC_ARC = YES;
				CLANG_WARN_CONSTANT_CONVERSION = YES;
				CLANG_WARN_EMPTY_BODY = YES;
				CLANG_WARN_ENUM_CONVERSION = YES;
				CLANG_WARN_INT_CONVERSION = YES;
				CLANG_WARN__DUPLICATE_METHOD_MATCH = YES;
				"CODE_SIGN_IDENTITY[sdk=iphoneos*]" = "iPhone Developer";
				COPY_PHASE_STRIP = NO;
				GCC_C_LANGUAGE_STANDARD = gnu99;
				GCC_DYNAMIC_NO_PIC = NO;
				GCC_OPTIMIZATION_LEVEL = 0;
				GCC_PREPROCESSOR_DEFINITIONS = (
					"DEBUG=1",
					"$(inherited)",
				);
				GCC_SYMBOLS_PRIVATE_EXTERN = NO;
				GCC_WARN_ABOUT_RETURN_TYPE = YES;
				GCC_WARN_UNINITIALIZED_AUTOS = YES;
				GCC_WARN_UNUSED_VARIABLE = YES;
				IPHONEOS_DEPLOYMENT_TARGET = 6.1;
				ONLY_ACTIVE_ARCH = YES;
				SDKROOT = iphoneos;
				TARGETED_DEVICE_FAMILY = "1,2";
			};
			name = Debug;
		};
		F198FE9416F326D300B06352 /* Release */ = {
			isa = XCBuildConfiguration;
			buildSettings = {
				ALWAYS_SEARCH_USER_PATHS = NO;
				CLANG_CXX_LANGUAGE_STANDARD = "gnu++0x";
				CLANG_CXX_LIBRARY = "libc++";
				CLANG_ENABLE_OBJC_ARC = YES;
				CLANG_WARN_CONSTANT_CONVERSION = YES;
				CLANG_WARN_EMPTY_BODY = YES;
				CLANG_WARN_ENUM_CONVERSION = YES;
				CLANG_WARN_INT_CONVERSION = YES;
				CLANG_WARN__DUPLICATE_METHOD_MATCH = YES;
				"CODE_SIGN_IDENTITY[sdk=iphoneos*]" = "iPhone Developer";
				COPY_PHASE_STRIP = YES;
				GCC_C_LANGUAGE_STANDARD = gnu99;
				GCC_WARN_ABOUT_RETURN_TYPE = YES;
				GCC_WARN_UNINITIALIZED_AUTOS = YES;
				GCC_WARN_UNUSED_VARIABLE = YES;
				IPHONEOS_DEPLOYMENT_TARGET = 6.1;
				OTHER_CFLAGS = "-DNS_BLOCK_ASSERTIONS=1";
				SDKROOT = iphoneos;
				TARGETED_DEVICE_FAMILY = "1,2";
				VALIDATE_PRODUCT = YES;
			};
			name = Release;
		};
		F198FE9616F326D300B06352 /* Debug */ = {
			isa = XCBuildConfiguration;
			buildSettings = {
				GCC_PRECOMPILE_PREFIX_HEADER = YES;
				GCC_PREFIX_HEADER = "playground/playground-Prefix.pch";
				INFOPLIST_FILE = "playground/playground-Info.plist";
				PRODUCT_NAME = "$(TARGET_NAME)";
				WRAPPER_EXTENSION = app;
			};
			name = Debug;
		};
		F198FE9716F326D300B06352 /* Release */ = {
			isa = XCBuildConfiguration;
			buildSettings = {
				GCC_PRECOMPILE_PREFIX_HEADER = YES;
				GCC_PREFIX_HEADER = "playground/playground-Prefix.pch";
				INFOPLIST_FILE = "playground/playground-Info.plist";
				PRODUCT_NAME = "$(TARGET_NAME)";
				WRAPPER_EXTENSION = app;
			};
			name = Release;
		};
/* End XCBuildConfiguration section */

/* Begin XCConfigurationList section */
		F198FE6A16F326D300B06352 /* Build configuration list for PBXProject "playground" */ = {
			isa = XCConfigurationList;
			buildConfigurations = (
				F198FE9316F326D300B06352 /* Debug */,
				F198FE9416F326D300B06352 /* Release */,
			);
			defaultConfigurationIsVisible = 0;
			defaultConfigurationName = Release;
		};
		F198FE9516F326D300B06352 /* Build configuration list for PBXNativeTarget "playground" */ = {
			isa = XCConfigurationList;
			buildConfigurations = (
				F198FE9616F326D300B06352 /* Debug */,
				F198FE9716F326D300B06352 /* Release */,
			);
			defaultConfigurationIsVisible = 0;
			defaultConfigurationName = Release;
		};
/* End XCConfigurationList section */
	};
	rootObject = F198FE6716F326D300B06352 /* Project object */;
}
